{
  "name": "maglor",
  "version": "1.0.0",
  "lockfileVersion": 2,
  "requires": true,
  "packages": {
    "": {
      "name": "maglor",
      "version": "1.0.0",
      "license": "ISC",
      "dependencies": {
        "fp-ts": "^2.11.9",
        "io-ts": "^2.2.16"
      },
      "devDependencies": {
        "@types/node": "^17.0.23",
        "typescript": "^4.6.3"
      }
    },
    "node_modules/@types/node": {
      "version": "17.0.23",
      "resolved": "https://registry.npmjs.org/@types/node/-/node-17.0.23.tgz",
      "integrity": "sha512-UxDxWn7dl97rKVeVS61vErvw086aCYhDLyvRQZ5Rk65rZKepaFdm53GeqXaKBuOhED4e9uWq34IC3TdSdJJ2Gw==",
      "dev": true
    },
    "node_modules/fp-ts": {
      "version": "2.11.9",
      "resolved": "https://registry.npmjs.org/fp-ts/-/fp-ts-2.11.9.tgz",
      "integrity": "sha512-GhYlNKkCOfdjp71ocdtyaQGoqCswEoWDJLRr+2jClnBBq2dnSOtd6QxmJdALq8UhfqCyZZ0f0lxadU4OhwY9nw=="
    },
    "node_modules/io-ts": {
      "version": "2.2.16",
      "resolved": "https://registry.npmjs.org/io-ts/-/io-ts-2.2.16.tgz",
      "integrity": "sha512-y5TTSa6VP6le0hhmIyN0dqEXkrZeJLeC5KApJq6VLci3UEKF80lZ+KuoUs02RhBxNWlrqSNxzfI7otLX1Euv8Q==",
      "peerDependencies": {
        "fp-ts": "^2.5.0"
      }
    },
    "node_modules/typescript": {
      "version": "4.6.3",
      "resolved": "https://registry.npmjs.org/typescript/-/typescript-4.6.3.tgz",
      "integrity": "sha512-yNIatDa5iaofVozS/uQJEl3JRWLKKGJKh6Yaiv0GLGSuhpFJe7P3SbHZ8/yjAHRQwKRoA6YZqlfjXWmVzoVSMw==",
      "dev": true,
      "bin": {
        "tsc": "bin/tsc",
        "tsserver": "bin/tsserver"
      },
      "engines": {
        "node": ">=4.2.0"
      }
    }
  },
  "dependencies": {
    "@types/node": {
      "version": "17.0.23",
      "resolved": "https://registry.npmjs.org/@types/node/-/node-17.0.23.tgz",
      "integrity": "sha512-UxDxWn7dl97rKVeVS61vErvw086aCYhDLyvRQZ5Rk65rZKepaFdm53GeqXaKBuOhED4e9uWq34IC3TdSdJJ2Gw==",
      "dev": true
    },
    "fp-ts": {
      "version": "2.11.9",
      "resolved": "https://registry.npmjs.org/fp-ts/-/fp-ts-2.11.9.tgz",
      "integrity": "sha512-GhYlNKkCOfdjp71ocdtyaQGoqCswEoWDJLRr+2jClnBBq2dnSOtd6QxmJdALq8UhfqCyZZ0f0lxadU4OhwY9nw=="
    },
    "io-ts": {
      "version": "2.2.16",
      "resolved": "https://registry.npmjs.org/io-ts/-/io-ts-2.2.16.tgz",
      "integrity": "sha512-y5TTSa6VP6le0hhmIyN0dqEXkrZeJLeC5KApJq6VLci3UEKF80lZ+KuoUs02RhBxNWlrqSNxzfI7otLX1Euv8Q==",
      "requires": {}
    },
    "typescript": {
      "version": "4.6.3",
      "resolved": "https://registry.npmjs.org/typescript/-/typescript-4.6.3.tgz",
      "integrity": "sha512-yNIatDa5iaofVozS/uQJEl3JRWLKKGJKh6Yaiv0GLGSuhpFJe7P3SbHZ8/yjAHRQwKRoA6YZqlfjXWmVzoVSMw==",
      "dev": true
    }
  }
}
